
Microsoft Visual Studio Solution File, Format Version 12.00
# Visual Studio Version 17
VisualStudioVersion = 17.3.32929.385
MinimumVisualStudioVersion = 10.0.40219.1
Project("{FAE04EC0-301F-11D3-BF4B-00C04F79EFBC}") = "Web2Project", "Web2Project.csproj", "{6857D66C-6C13-4115-BFC7-4C54B832630C}"
EndProject
Global
	GlobalSection(SolutionConfigurationPlatforms) = preSolution
		Debug|Any CPU = Debug|Any CPU
		Release|Any CPU = Release|Any CPU
	EndGlobalSection
	GlobalSection(ProjectConfigurationPlatforms) = postSolution
		{6857D66C-6C13-4115-BFC7-4C54B832630C}.Debug|Any CPU.ActiveCfg = Debug|Any CPU
		{6857D66C-6C13-4115-BFC7-4C54B832630C}.Debug|Any CPU.Build.0 = Debug|Any CPU
		{6857D66C-6C13-4115-BFC7-4C54B832630C}.Release|Any CPU.ActiveCfg = Release|Any CPU
		{6857D66C-6C13-4115-BFC7-4C54B832630C}.Release|Any CPU.Build.0 = Release|Any CPU
	EndGlobalSection
	GlobalSection(SolutionProperties) = preSolution
		HideSolutionNode = FALSE
	EndGlobalSection
	GlobalSection(ExtensibilityGlobals) = postSolution
		SolutionGuid = {C74C6111-D0FF-42F1-9C4D-6EF9D61D7AF8}
	EndGlobalSection
EndGlobal
